// !$*UTF8*$!
{
	archiveVersion = 1;
	classes = {
	};
	objectVersion = 56;
	objects = {

/* Begin PBXBuildFile section */
		AA000000000000000000000B /* MagicPointer.swift in Sources */ = {isa = PBXBuildFile; fileRef = AA0000000000000000000007 /* MagicPointer.swift */; };
		AA000000000000000000000C /* main.swift in Sources */ = {isa = PBXBuildFile; fileRef = AA0000000000000000000008 /* main.swift */; };
		AA0000000000000000000022 /* RemiSpriteView.swift in Sources */ = {isa = PBXBuildFile; fileRef = AA0000000000000000000021 /* RemiSpriteView.swift */; };
		AA0000000000000000000024 /* mouse-spritesheet.png in Resources */ = {isa = PBXBuildFile; fileRef = AA0000000000000000000023 /* mouse-spritesheet.png */; };
		AA0000000000000000000026 /* llm-claude.png in Resources */ = {isa = PBXBuildFile; fileRef = AA0000000000000000000025 /* llm-claude.png */; };
		AA0000000000000000000028 /* llm-chatgpt.png in Resources */ = {isa = PBXBuildFile; fileRef = AA0000000000000000000027 /* llm-chatgpt.png */; };
		AA000000000000000000002A /* llm-gemini.png in Resources */ = {isa = PBXBuildFile; fileRef = AA0000000000000000000029 /* llm-gemini.png */; };
/* End PBXBuildFile section */

/* Begin PBXFileReference section */
		AA0000000000000000000006 /* MagicPointer.app */ = {isa = PBXFileReference; explicitFileType = wrapper.application; includeInIndex = 0; path = MagicPointer.app; sourceTree = BUILT_PRODUCTS_DIR; };
		AA0000000000000000000007 /* MagicPointer.swift */ = {isa = PBXFileReference; lastKnownFileType = sourcecode.swift; path = MagicPointer.swift; sourceTree = "<group>"; };
		AA0000000000000000000008 /* main.swift */ = {isa = PBXFileReference; lastKnownFileType = sourcecode.swift; path = main.swift; sourceTree = "<group>"; };
		AA0000000000000000000009 /* Info.plist */ = {isa = PBXFileReference; lastKnownFileType = text.plist.xml; path = Info.plist; sourceTree = "<group>"; };
		AA000000000000000000000A /* MagicPointer.entitlements */ = {isa = PBXFileReference; lastKnownFileType = text.plist.entitlements; path = MagicPointer.entitlements; sourceTree = "<group>"; };
		AA0000000000000000000021 /* RemiSpriteView.swift */ = {isa = PBXFileReference; lastKnownFileType = sourcecode.swift; path = RemiSpriteView.swift; sourceTree = "<group>"; };
		AA0000000000000000000023 /* mouse-spritesheet.png */ = {isa = PBXFileReference; lastKnownFileType = image.png; path = "mouse-spritesheet.png"; sourceTree = "<group>"; };
		AA0000000000000000000025 /* llm-claude.png */ = {isa = PBXFileReference; lastKnownFileType = image.png; path = "llm-claude.png"; sourceTree = "<group>"; };
		AA0000000000000000000027 /* llm-chatgpt.png */ = {isa = PBXFileReference; lastKnownFileType = image.png; path = "llm-chatgpt.png"; sourceTree = "<group>"; };
		AA0000000000000000000029 /* llm-gemini.png */ = {isa = PBXFileReference; lastKnownFileType = image.png; path = "llm-gemini.png"; sourceTree = "<group>"; };
/* End PBXFileReference section */

/* Begin PBXFrameworksBuildPhase section */
		AA000000000000000000000F /* Frameworks */ = {
			isa = PBXFrameworksBuildPhase;
			buildActionMask = 2147483647;
			files = (
			);
			runOnlyForDeploymentPostprocessing = 0;
		};
/* End PBXFrameworksBuildPhase section */

/* Begin PBXGroup section */
		AA0000000000000000000002 = {
			isa = PBXGroup;
			children = (
				AA0000000000000000000004 /* UI */,
				AA0000000000000000000003 /* Products */,
			);
			sourceTree = "<group>";
		};
		AA0000000000000000000003 /* Products */ = {
			isa = PBXGroup;
			children = (
				AA0000000000000000000006 /* MagicPointer.app */,
			);
			name = Products;
			sourceTree = "<group>";
		};
		AA0000000000000000000004 /* UI */ = {
			isa = PBXGroup;
			children = (
				AA0000000000000000000007 /* MagicPointer.swift */,
				AA0000000000000000000021 /* RemiSpriteView.swift */,
				AA0000000000000000000008 /* main.swift */,
				AA0000000000000000000020 /* Resources */,
				AA0000000000000000000009 /* Info.plist */,
				AA000000000000000000000A /* MagicPointer.entitlements */,
			);
			path = UI;
			sourceTree = "<group>";
		};
		AA0000000000000000000020 /* Resources */ = {
			isa = PBXGroup;
			children = (
				AA0000000000000000000023 /* mouse-spritesheet.png */,
				AA0000000000000000000025 /* llm-claude.png */,
				AA0000000000000000000027 /* llm-chatgpt.png */,
				AA0000000000000000000029 /* llm-gemini.png */,
			);
			path = Resources;
			sourceTree = "<group>";
		};
/* End PBXGroup section */

/* Begin PBXNativeTarget section */
		AA0000000000000000000005 /* MagicPointer */ = {
			isa = PBXNativeTarget;
			buildConfigurationList = AA0000000000000000000012 /* Build configuration list for PBXNativeTarget "MagicPointer" */;
			buildPhases = (
				AA000000000000000000000E /* Sources */,
				AA000000000000000000000F /* Frameworks */,
				AA0000000000000000000010 /* Resources */,
			);
			buildRules = (
			);
			dependencies = (
			);
			name = MagicPointer;
			productName = MagicPointer;
			productReference = AA0000000000000000000006 /* MagicPointer.app */;
			productType = "com.apple.product-type.application";
		};
/* End PBXNativeTarget section */

/* Begin PBXProject section */
		AA0000000000000000000001 /* Project object */ = {
			isa = PBXProject;
			attributes = {
				BuildIndependentTargetsInParallel = 1;
				LastSwiftUpdateCheck = 1650;
				LastUpgradeCheck = 1650;
				TargetAttributes = {
					AA0000000000000000000005 = {
						CreatedOnToolsVersion = 16.5;
					};
				};
			};
			buildConfigurationList = AA0000000000000000000011 /* Build configuration list for PBXProject "MagicPointer" */;
			compatibilityVersion = "Xcode 15.0";
			developmentRegion = en;
			hasScannedForEncodings = 0;
			knownRegions = (
				en,
				Base,
			);
			mainGroup = AA0000000000000000000002;
			productRefGroup = AA0000000000000000000003 /* Products */;
			projectDirPath = "";
			projectRoot = "";
			targets = (
				AA0000000000000000000005 /* MagicPointer */,
			);
		};
/* End PBXProject section */

/* Begin PBXResourcesBuildPhase section */
		AA0000000000000000000010 /* Resources */ = {
			isa = PBXResourcesBuildPhase;
			buildActionMask = 2147483647;
			files = (
				AA0000000000000000000024 /* mouse-spritesheet.png in Resources */,
				AA0000000000000000000026 /* llm-claude.png in Resources */,
				AA0000000000000000000028 /* llm-chatgpt.png in Resources */,
				AA000000000000000000002A /* llm-gemini.png in Resources */,
			);
			runOnlyForDeploymentPostprocessing = 0;
		};
/* End PBXResourcesBuildPhase section */

/* Begin PBXSourcesBuildPhase section */
		AA000000000000000000000E /* Sources */ = {
			isa = PBXSourcesBuildPhase;
			buildActionMask = 2147483647;
			files = (
				AA000000000000000000000B /* MagicPointer.swift in Sources */,
				AA0000000000000000000022 /* RemiSpriteView.swift in Sources */,
				AA000000000000000000000C /* main.swift in Sources */,
			);
			runOnlyForDeploymentPostprocessing = 0;
		};
/* End PBXSourcesBuildPhase section */

/* Begin XCBuildConfiguration section */
		AA0000000000000000000013 /* Debug */ = {
			isa = XCBuildConfiguration;
			buildSettings = {
				ALWAYS_SEARCH_USER_PATHS = NO;
				CLANG_ENABLE_MODULES = YES;
				CLANG_ENABLE_OBJC_ARC = YES;
				COPY_PHASE_STRIP = NO;
				DEBUG_INFORMATION_FORMAT = dwarf;
				ENABLE_STRICT_OBJC_MSGSEND = YES;
				GCC_C_LANGUAGE_STANDARD = gnu17;
				GCC_DYNAMIC_NO_PIC = NO;
				GCC_OPTIMIZATION_LEVEL = 0;
				GCC_PREPROCESSOR_DEFINITIONS = (
					"DEBUG=1",
					"$(inherited)",
				);
				MACOSX_DEPLOYMENT_TARGET = 14.0;
				ONLY_ACTIVE_ARCH = YES;
				SDKROOT = macosx;
				SWIFT_ACTIVE_COMPILATION_CONDITIONS = DEBUG;
				SWIFT_OPTIMIZATION_LEVEL = "-Onone";
			};
			name = Debug;
		};
		AA0000000000000000000014 /* Release */ = {
			isa = XCBuildConfiguration;
			buildSettings = {
				ALWAYS_SEARCH_USER_PATHS = NO;
				CLANG_ENABLE_MODULES = YES;
				CLANG_ENABLE_OBJC_ARC = YES;
				COPY_PHASE_STRIP = NO;
				DEBUG_INFORMATION_FORMAT = "dwarf-with-dsym";
				ENABLE_NS_ASSERTIONS = NO;
				ENABLE_STRICT_OBJC_MSGSEND = YES;
				GCC_C_LANGUAGE_STANDARD = gnu17;
				MACOSX_DEPLOYMENT_TARGET = 14.0;
				SDKROOT = macosx;
				SWIFT_COMPILATION_MODE = wholemodule;
				SWIFT_OPTIMIZATION_LEVEL = "-O";
			};
			name = Release;
		};
		AA0000000000000000000015 /* Debug */ = {
			isa = XCBuildConfiguration;
			buildSettings = {
				ASSETCATALOG_COMPILER_GENERATE_SWIFT_ASSET_SYMBOL_EXTENSIONS = YES;
				CLANG_ENABLE_MODULES = YES;
				CODE_SIGN_ENTITLEMENTS = UI/MagicPointer.entitlements;
				CODE_SIGN_STYLE = Automatic;
				CODE_SIGNING_ALLOWED = NO;
				CODE_SIGNING_REQUIRED = NO;
				CURRENT_PROJECT_VERSION = 1;
				DEVELOPMENT_TEAM = "";
				ENABLE_HARDENED_RUNTIME = YES;
				GENERATE_INFOPLIST_FILE = NO;
				INFOPLIST_FILE = UI/Info.plist;
				LD_RUNPATH_SEARCH_PATHS = (
					"$(inherited)",
					"@executable_path/../Frameworks",
				);
				MACOSX_DEPLOYMENT_TARGET = 14.0;
				MARKETING_VERSION = 1.0;
				PRODUCT_BUNDLE_IDENTIFIER = com.remi.magicpointer;
				PRODUCT_NAME = "$(TARGET_NAME)";
				SDKROOT = macosx;
				SWIFT_EMIT_LOC_STRINGS = NO;
				SWIFT_VERSION = 5.0;
			};
			name = Debug;
		};
		AA0000000000000000000016 /* Release */ = {
			isa = XCBuildConfiguration;
			buildSettings = {
				ASSETCATALOG_COMPILER_GENERATE_SWIFT_ASSET_SYMBOL_EXTENSIONS = YES;
				CLANG_ENABLE_MODULES = YES;
				CODE_SIGN_ENTITLEMENTS = UI/MagicPointer.entitlements;
				CODE_SIGN_STYLE = Automatic;
				CODE_SIGNING_ALLOWED = NO;
				CODE_SIGNING_REQUIRED = NO;
				CURRENT_PROJECT_VERSION = 1;
				DEVELOPMENT_TEAM = "";
				ENABLE_HARDENED_RUNTIME = YES;
				GENERATE_INFOPLIST_FILE = NO;
				INFOPLIST_FILE = UI/Info.plist;
				LD_RUNPATH_SEARCH_PATHS = (
					"$(inherited)",
					"@executable_path/../Frameworks",
				);
				MACOSX_DEPLOYMENT_TARGET = 14.0;
				MARKETING_VERSION = 1.0;
				PRODUCT_BUNDLE_IDENTIFIER = com.remi.magicpointer;
				PRODUCT_NAME = "$(TARGET_NAME)";
				SDKROOT = macosx;
				SWIFT_EMIT_LOC_STRINGS = NO;
				SWIFT_VERSION = 5.0;
			};
			name = Release;
		};
/* End XCBuildConfiguration section */

/* Begin XCConfigurationList section */
		AA0000000000000000000011 /* Build configuration list for PBXProject "MagicPointer" */ = {
			isa = XCConfigurationList;
			buildConfigurations = (
				AA0000000000000000000013 /* Debug */,
				AA0000000000000000000014 /* Release */,
			);
			defaultConfigurationIsVisible = 0;
			defaultConfigurationName = Release;
		};
		AA0000000000000000000012 /* Build configuration list for PBXNativeTarget "MagicPointer" */ = {
			isa = XCConfigurationList;
			buildConfigurations = (
				AA0000000000000000000015 /* Debug */,
				AA0000000000000000000016 /* Release */,
			);
			defaultConfigurationIsVisible = 0;
			defaultConfigurationName = Release;
		};
/* End XCConfigurationList section */
	};
	rootObject = AA0000000000000000000001 /* Project object */;
}
